
Microsoft Visual Studio Solution File, Format Version 12.00
# Visual Studio Version 17
VisualStudioVersion = 17.5.33516.290
MinimumVisualStudioVersion = 10.0.40219.1
Project("{9A19103F-16F7-4668-BE54-9A1E7A4F7556}") = "ArkoneGestionEvenement", "ArkoneGestionEvenement.csproj", "{DBFBB352-E892-4A28-B7FC-4B7BC6697154}"
EndProject
Global
	GlobalSection(SolutionConfigurationPlatforms) = preSolution
		Debug|Any CPU = Debug|Any CPU
		Release|Any CPU = Release|Any CPU
	EndGlobalSection
	GlobalSection(ProjectConfigurationPlatforms) = postSolution
		{DBFBB352-E892-4A28-B7FC-4B7BC6697154}.Debug|Any CPU.ActiveCfg = Debug|Any CPU
		{DBFBB352-E892-4A28-B7FC-4B7BC6697154}.Debug|Any CPU.Build.0 = Debug|Any CPU
		{DBFBB352-E892-4A28-B7FC-4B7BC6697154}.Release|Any CPU.ActiveCfg = Release|Any CPU
		{DBFBB352-E892-4A28-B7FC-4B7BC6697154}.Release|Any CPU.Build.0 = Release|Any CPU
	EndGlobalSection
	GlobalSection(SolutionProperties) = preSolution
		HideSolutionNode = FALSE
	EndGlobalSection
	GlobalSection(ExtensibilityGlobals) = postSolution
		SolutionGuid = {278A6EA0-5E3F-46ED-90D3-4FA8273EEAAD}
	EndGlobalSection
EndGlobal
